
Microsoft Visual Studio Solution File, Format Version 12.00
# Visual Studio Version 17
VisualStudioVersion = 17.0.31903.59
MinimumVisualStudioVersion = 10.0.40219.1
Project("{FAE04EC0-301F-11D3-BF4B-00C04F79EFBC}") = "nfind", "NFind\nfind.csproj", "{8BB3A2ED-0E05-4D76-97A0-08D391A68FDF}"
EndProject
Project("{FAE04EC0-301F-11D3-BF4B-00C04F79EFBC}") = "NFindTests", "NFindTests\NFindTests.csproj", "{CEBCCE92-EAA9-46BB-BB54-495634BE1D27}"
EndProject
Global
	GlobalSection(SolutionConfigurationPlatforms) = preSolution
		Debug|Any CPU = Debug|Any CPU
		Release|Any CPU = Release|Any CPU
	EndGlobalSection
	GlobalSection(SolutionProperties) = preSolution
		HideSolutionNode = FALSE
	EndGlobalSection
	GlobalSection(ProjectConfigurationPlatforms) = postSolution
		{8BB3A2ED-0E05-4D76-97A0-08D391A68FDF}.Debug|Any CPU.ActiveCfg = Debug|Any CPU
		{8BB3A2ED-0E05-4D76-97A0-08D391A68FDF}.Debug|Any CPU.Build.0 = Debug|Any CPU
		{8BB3A2ED-0E05-4D76-97A0-08D391A68FDF}.Release|Any CPU.ActiveCfg = Release|Any CPU
		{8BB3A2ED-0E05-4D76-97A0-08D391A68FDF}.Release|Any CPU.Build.0 = Release|Any CPU
		{CEBCCE92-EAA9-46BB-BB54-495634BE1D27}.Debug|Any CPU.ActiveCfg = Debug|Any CPU
		{CEBCCE92-EAA9-46BB-BB54-495634BE1D27}.Debug|Any CPU.Build.0 = Debug|Any CPU
		{CEBCCE92-EAA9-46BB-BB54-495634BE1D27}.Release|Any CPU.ActiveCfg = Release|Any CPU
		{CEBCCE92-EAA9-46BB-BB54-495634BE1D27}.Release|Any CPU.Build.0 = Release|Any CPU
	EndGlobalSection
EndGlobal
