
Microsoft Visual Studio Solution File, Format Version 12.00
# Visual Studio Version 17
VisualStudioVersion = 17.10.35027.167
MinimumVisualStudioVersion = 10.0.40219.1
Project("{9A19103F-16F7-4668-BE54-9A1E7A4F7556}") = "ChatServer", "ChatServer\ChatServer.csproj", "{7E083AAA-B572-4351-9F34-00638DB25C3C}"
EndProject
Project("{9A19103F-16F7-4668-BE54-9A1E7A4F7556}") = "ChatProtocol", "ChatProtocol\ChatProtocol.csproj", "{B66AFA41-9C7B-4756-84E9-04B88B120987}"
EndProject
Project("{FAE04EC0-301F-11D3-BF4B-00C04F79EFBC}") = "ChatClient", "ChatClient\ChatClient.csproj", "{8C985881-59A0-46B6-A78C-78B2CBEC4F75}"
EndProject
Global
	GlobalSection(SolutionConfigurationPlatforms) = preSolution
		Debug|Any CPU = Debug|Any CPU
		Release|Any CPU = Release|Any CPU
	EndGlobalSection
	GlobalSection(ProjectConfigurationPlatforms) = postSolution
		{7E083AAA-B572-4351-9F34-00638DB25C3C}.Debug|Any CPU.ActiveCfg = Debug|Any CPU
		{7E083AAA-B572-4351-9F34-00638DB25C3C}.Debug|Any CPU.Build.0 = Debug|Any CPU
		{7E083AAA-B572-4351-9F34-00638DB25C3C}.Release|Any CPU.ActiveCfg = Release|Any CPU
		{7E083AAA-B572-4351-9F34-00638DB25C3C}.Release|Any CPU.Build.0 = Release|Any CPU
		{B66AFA41-9C7B-4756-84E9-04B88B120987}.Debug|Any CPU.ActiveCfg = Debug|Any CPU
		{B66AFA41-9C7B-4756-84E9-04B88B120987}.Debug|Any CPU.Build.0 = Debug|Any CPU
		{B66AFA41-9C7B-4756-84E9-04B88B120987}.Release|Any CPU.ActiveCfg = Release|Any CPU
		{B66AFA41-9C7B-4756-84E9-04B88B120987}.Release|Any CPU.Build.0 = Release|Any CPU
		{8C985881-59A0-46B6-A78C-78B2CBEC4F75}.Debug|Any CPU.ActiveCfg = Debug|Any CPU
		{8C985881-59A0-46B6-A78C-78B2CBEC4F75}.Debug|Any CPU.Build.0 = Debug|Any CPU
		{8C985881-59A0-46B6-A78C-78B2CBEC4F75}.Release|Any CPU.ActiveCfg = Release|Any CPU
		{8C985881-59A0-46B6-A78C-78B2CBEC4F75}.Release|Any CPU.Build.0 = Release|Any CPU
	EndGlobalSection
	GlobalSection(SolutionProperties) = preSolution
		HideSolutionNode = FALSE
	EndGlobalSection
	GlobalSection(ExtensibilityGlobals) = postSolution
		SolutionGuid = {A7AA7A76-0F18-4F85-B9F5-D4CF01221100}
	EndGlobalSection
EndGlobal
