
Microsoft Visual Studio Solution File, Format Version 12.00
# Visual Studio Version 17
VisualStudioVersion = 17.10.35027.167
MinimumVisualStudioVersion = 10.0.40219.1
Project("{FAE04EC0-301F-11D3-BF4B-00C04F79EFBC}") = "CoreWebApplication", "CoreWebApplication\CoreWebApplication.csproj", "{EB419980-6B68-4D0D-A710-5BA7520019FE}"
EndProject
Global
	GlobalSection(SolutionConfigurationPlatforms) = preSolution
		Debug|Any CPU = Debug|Any CPU
		Release|Any CPU = Release|Any CPU
	EndGlobalSection
	GlobalSection(ProjectConfigurationPlatforms) = postSolution
		{EB419980-6B68-4D0D-A710-5BA7520019FE}.Debug|Any CPU.ActiveCfg = Debug|Any CPU
		{EB419980-6B68-4D0D-A710-5BA7520019FE}.Debug|Any CPU.Build.0 = Debug|Any CPU
		{EB419980-6B68-4D0D-A710-5BA7520019FE}.Release|Any CPU.ActiveCfg = Release|Any CPU
		{EB419980-6B68-4D0D-A710-5BA7520019FE}.Release|Any CPU.Build.0 = Release|Any CPU
	EndGlobalSection
	GlobalSection(SolutionProperties) = preSolution
		HideSolutionNode = FALSE
	EndGlobalSection
	GlobalSection(ExtensibilityGlobals) = postSolution
		SolutionGuid = {90EAB551-6010-4E45-BE9B-60FACE1B23DD}
	EndGlobalSection
EndGlobal
