
Microsoft Visual Studio Solution File, Format Version 12.00
# Visual Studio Version 17
VisualStudioVersion = 17.5.002.0
MinimumVisualStudioVersion = 10.0.40219.1
Project("{9A19103F-16F7-4668-BE54-9A1E7A4F7556}") = "Networking", "Networking.csproj", "{A893918A-D3AB-45DA-B36A-BCBA6E8DF8B9}"
EndProject
Global
	GlobalSection(SolutionConfigurationPlatforms) = preSolution
		Debug|Any CPU = Debug|Any CPU
		Release|Any CPU = Release|Any CPU
	EndGlobalSection
	GlobalSection(ProjectConfigurationPlatforms) = postSolution
		{A893918A-D3AB-45DA-B36A-BCBA6E8DF8B9}.Debug|Any CPU.ActiveCfg = Debug|Any CPU
		{A893918A-D3AB-45DA-B36A-BCBA6E8DF8B9}.Debug|Any CPU.Build.0 = Debug|Any CPU
		{A893918A-D3AB-45DA-B36A-BCBA6E8DF8B9}.Release|Any CPU.ActiveCfg = Release|Any CPU
		{A893918A-D3AB-45DA-B36A-BCBA6E8DF8B9}.Release|Any CPU.Build.0 = Release|Any CPU
	EndGlobalSection
	GlobalSection(SolutionProperties) = preSolution
		HideSolutionNode = FALSE
	EndGlobalSection
	GlobalSection(ExtensibilityGlobals) = postSolution
		SolutionGuid = {73CDE0FE-2CE7-4D17-9E26-B50D9CCC8E4C}
	EndGlobalSection
EndGlobal
