
Microsoft Visual Studio Solution File, Format Version 12.00
# Visual Studio Version 17
VisualStudioVersion = 17.10.35027.167
MinimumVisualStudioVersion = 10.0.40219.1
Project("{FAE04EC0-301F-11D3-BF4B-00C04F79EFBC}") = "TaskSample", "TaskSample.csproj", "{992A9D17-256A-4AC3-BAF0-5CBF33913D4C}"
EndProject
Global
	GlobalSection(SolutionConfigurationPlatforms) = preSolution
		Debug|Any CPU = Debug|Any CPU
		Release|Any CPU = Release|Any CPU
	EndGlobalSection
	GlobalSection(ProjectConfigurationPlatforms) = postSolution
		{992A9D17-256A-4AC3-BAF0-5CBF33913D4C}.Debug|Any CPU.ActiveCfg = Debug|Any CPU
		{992A9D17-256A-4AC3-BAF0-5CBF33913D4C}.Debug|Any CPU.Build.0 = Debug|Any CPU
		{992A9D17-256A-4AC3-BAF0-5CBF33913D4C}.Release|Any CPU.ActiveCfg = Release|Any CPU
		{992A9D17-256A-4AC3-BAF0-5CBF33913D4C}.Release|Any CPU.Build.0 = Release|Any CPU
	EndGlobalSection
	GlobalSection(SolutionProperties) = preSolution
		HideSolutionNode = FALSE
	EndGlobalSection
	GlobalSection(ExtensibilityGlobals) = postSolution
		SolutionGuid = {C2FDFC30-FF8A-4E96-B3EB-6C7C12185E7D}
	EndGlobalSection
EndGlobal
