
Microsoft Visual Studio Solution File, Format Version 12.00
# Visual Studio Version 17
VisualStudioVersion = 17.10.35027.167
MinimumVisualStudioVersion = 10.0.40219.1
Project("{FAE04EC0-301F-11D3-BF4B-00C04F79EFBC}") = "ConfigurationDemo", "ConfigurationDemo.csproj", "{F12EF53F-1DDB-43EE-A40E-C8A03CF63624}"
EndProject
Global
	GlobalSection(SolutionConfigurationPlatforms) = preSolution
		Debug|Any CPU = Debug|Any CPU
		Release|Any CPU = Release|Any CPU
	EndGlobalSection
	GlobalSection(ProjectConfigurationPlatforms) = postSolution
		{F12EF53F-1DDB-43EE-A40E-C8A03CF63624}.Debug|Any CPU.ActiveCfg = Debug|Any CPU
		{F12EF53F-1DDB-43EE-A40E-C8A03CF63624}.Debug|Any CPU.Build.0 = Debug|Any CPU
		{F12EF53F-1DDB-43EE-A40E-C8A03CF63624}.Release|Any CPU.ActiveCfg = Release|Any CPU
		{F12EF53F-1DDB-43EE-A40E-C8A03CF63624}.Release|Any CPU.Build.0 = Release|Any CPU
	EndGlobalSection
	GlobalSection(SolutionProperties) = preSolution
		HideSolutionNode = FALSE
	EndGlobalSection
	GlobalSection(ExtensibilityGlobals) = postSolution
		SolutionGuid = {5459322A-B6AC-45F3-A6BA-55038F259444}
	EndGlobalSection
EndGlobal
